// !$*UTF8*$!
{
	archiveVersion = 1;
	classes = {
	};
	objectVersion = 55;
	objects = {

/* Begin PBXBuildFile section */
		BE03362F2C8CCBDB00445276 /* AuthenticationPresenter.swift in Sources */ = {isa = PBXBuildFile; fileRef = BE03362E2C8CCBDA00445276 /* AuthenticationPresenter.swift */; };
		BE0336312C8CCC3400445276 /* AuthenticationProtocol.swift in Sources */ = {isa = PBXBuildFile; fileRef = BE0336302C8CCC3300445276 /* AuthenticationProtocol.swift */; };
		BE590F322C8F4CF3008387B9 /* FirstScreenVC.swift in Sources */ = {isa = PBXBuildFile; fileRef = BE590F302C8F4CF2008387B9 /* FirstScreenVC.swift */; };
		BE590F332C8F4CF3008387B9 /* FirstScreenVC.xib in Resources */ = {isa = PBXBuildFile; fileRef = BE590F312C8F4CF2008387B9 /* FirstScreenVC.xib */; };
		BE590F362C8F4D18008387B9 /* SecondScreenVC.swift in Sources */ = {isa = PBXBuildFile; fileRef = BE590F342C8F4D18008387B9 /* SecondScreenVC.swift */; };
		BE590F372C8F4D18008387B9 /* SecondScreenVC.xib in Resources */ = {isa = PBXBuildFile; fileRef = BE590F352C8F4D18008387B9 /* SecondScreenVC.xib */; };
		BE590F3A2C8F4D37008387B9 /* ThirdScreenVC.swift in Sources */ = {isa = PBXBuildFile; fileRef = BE590F382C8F4D37008387B9 /* ThirdScreenVC.swift */; };
		BE590F3B2C8F4D37008387B9 /* ThirdScreenVC.xib in Resources */ = {isa = PBXBuildFile; fileRef = BE590F392C8F4D37008387B9 /* ThirdScreenVC.xib */; };
		BE5B8B942C8DBBF800092BF0 /* ErrorInternetConnection.swift in Sources */ = {isa = PBXBuildFile; fileRef = BE5B8B922C8DBBF700092BF0 /* ErrorInternetConnection.swift */; };
		BE5B8B952C8DBBF800092BF0 /* ErrorInternetConnection.xib in Resources */ = {isa = PBXBuildFile; fileRef = BE5B8B932C8DBBF800092BF0 /* ErrorInternetConnection.xib */; };
		BE5B8B982C8DBC2000092BF0 /* ErrorServer.swift in Sources */ = {isa = PBXBuildFile; fileRef = BE5B8B962C8DBC1F00092BF0 /* ErrorServer.swift */; };
		BE5B8B992C8DBC2000092BF0 /* ErrorServer.xib in Resources */ = {isa = PBXBuildFile; fileRef = BE5B8B972C8DBC2000092BF0 /* ErrorServer.xib */; };
		BE5D74C72C8B44B000054A6A /* Pods_Speedo_Transfer.framework in Frameworks */ = {isa = PBXBuildFile; fileRef = CA466222A5BEEEA82A35D197 /* Pods_Speedo_Transfer.framework */; };
		BE5D74C82C8B44B000054A6A /* Pods_Speedo_Transfer.framework in Embed Frameworks */ = {isa = PBXBuildFile; fileRef = CA466222A5BEEEA82A35D197 /* Pods_Speedo_Transfer.framework */; settings = {ATTRIBUTES = (CodeSignOnCopy, RemoveHeadersOnCopy, ); }; };
		BE9645102C8B4D3F0017201F /* APIManager.swift in Sources */ = {isa = PBXBuildFile; fileRef = BE96450F2C8B4D3F0017201F /* APIManager.swift */; };
		BE9645152C8B4E1D0017201F /* SignUpBasicInfoVC.swift in Sources */ = {isa = PBXBuildFile; fileRef = BE9645132C8B4E1C0017201F /* SignUpBasicInfoVC.swift */; };
		BE9645162C8B4E1D0017201F /* SignUpBasicInfoVC.xib in Resources */ = {isa = PBXBuildFile; fileRef = BE9645142C8B4E1C0017201F /* SignUpBasicInfoVC.xib */; };
		BE9645192C8B4EE00017201F /* AppManager.swift in Sources */ = {isa = PBXBuildFile; fileRef = BE9645182C8B4EDF0017201F /* AppManager.swift */; };
		BE96451B2C8B53CA0017201F /* UIColor+Gradient.swift in Sources */ = {isa = PBXBuildFile; fileRef = BE96451A2C8B53CA0017201F /* UIColor+Gradient.swift */; };
		BE96451E2C8B82250017201F /* SignUpAdditionalInfoVC.swift in Sources */ = {isa = PBXBuildFile; fileRef = BE96451C2C8B82250017201F /* SignUpAdditionalInfoVC.swift */; };
		BE96451F2C8B82250017201F /* SignUpAdditionalInfoVC.xib in Resources */ = {isa = PBXBuildFile; fileRef = BE96451D2C8B82250017201F /* SignUpAdditionalInfoVC.xib */; };
		BEC2FC962C8EF7EE00CCF8DD /* HomeVC.swift in Sources */ = {isa = PBXBuildFile; fileRef = BEC2FC942C8EF7EE00CCF8DD /* HomeVC.swift */; };
		BEC2FC972C8EF7EE00CCF8DD /* HomeVC.xib in Resources */ = {isa = PBXBuildFile; fileRef = BEC2FC952C8EF7EE00CCF8DD /* HomeVC.xib */; };
		BEC2FC9A2C8EF86000CCF8DD /* TransferVC.swift in Sources */ = {isa = PBXBuildFile; fileRef = BEC2FC982C8EF86000CCF8DD /* TransferVC.swift */; };
		BEC2FC9B2C8EF86000CCF8DD /* TransferVC.xib in Resources */ = {isa = PBXBuildFile; fileRef = BEC2FC992C8EF86000CCF8DD /* TransferVC.xib */; };
		BEC2FC9E2C8EF89900CCF8DD /* TransactionsVC.swift in Sources */ = {isa = PBXBuildFile; fileRef = BEC2FC9C2C8EF89900CCF8DD /* TransactionsVC.swift */; };
		BEC2FC9F2C8EF89900CCF8DD /* TransactionsVC.xib in Resources */ = {isa = PBXBuildFile; fileRef = BEC2FC9D2C8EF89900CCF8DD /* TransactionsVC.xib */; };
		BEC2FCA22C8EF8F000CCF8DD /* MoreVC.swift in Sources */ = {isa = PBXBuildFile; fileRef = BEC2FCA02C8EF8EF00CCF8DD /* MoreVC.swift */; };
		BEC2FCA32C8EF8F000CCF8DD /* MoreVC.xib in Resources */ = {isa = PBXBuildFile; fileRef = BEC2FCA12C8EF8EF00CCF8DD /* MoreVC.xib */; };
		BEC2FCA52C8EFB4700CCF8DD /* TabBarController.swift in Sources */ = {isa = PBXBuildFile; fileRef = BEC2FCA42C8EFB4600CCF8DD /* TabBarController.swift */; };
		BEC2FCA92C8EFDD700CCF8DD /* MyCardsVC.swift in Sources */ = {isa = PBXBuildFile; fileRef = BEC2FCA72C8EFDD700CCF8DD /* MyCardsVC.swift */; };
		BEC2FCAA2C8EFDD800CCF8DD /* MyCardsVC.xib in Resources */ = {isa = PBXBuildFile; fileRef = BEC2FCA82C8EFDD700CCF8DD /* MyCardsVC.xib */; };
		BECC04B22C8CDCB20087D59A /* UIViewController+Alert+Toggle+SetUpScreen.swift in Sources */ = {isa = PBXBuildFile; fileRef = BECC04B12C8CDCB20087D59A /* UIViewController+Alert+Toggle+SetUpScreen.swift */; };
		BECC04B42C8CDCC70087D59A /* String+Trim.swift in Sources */ = {isa = PBXBuildFile; fileRef = BECC04B32C8CDCC70087D59A /* String+Trim.swift */; };
		BED3C7CB2C8AF662005DA505 /* AppDelegate.swift in Sources */ = {isa = PBXBuildFile; fileRef = BED3C7CA2C8AF662005DA505 /* AppDelegate.swift */; };
		BED3C7D52C8AF662005DA505 /* Speedo_Transfer.xcdatamodeld in Sources */ = {isa = PBXBuildFile; fileRef = BED3C7D32C8AF662005DA505 /* Speedo_Transfer.xcdatamodeld */; };
		BED3C7D72C8AF664005DA505 /* Assets.xcassets in Resources */ = {isa = PBXBuildFile; fileRef = BED3C7D62C8AF664005DA505 /* Assets.xcassets */; };
		BED3C7DA2C8AF664005DA505 /* LaunchScreen.storyboard in Resources */ = {isa = PBXBuildFile; fileRef = BED3C7D82C8AF664005DA505 /* LaunchScreen.storyboard */; };
		BED556032C8F7E960091476E /* transactionCell.swift in Sources */ = {isa = PBXBuildFile; fileRef = BED556012C8F7E960091476E /* transactionCell.swift */; };
		BED556042C8F7E960091476E /* transactionCell.xib in Resources */ = {isa = PBXBuildFile; fileRef = BED556022C8F7E960091476E /* transactionCell.xib */; };
		BEEA40662C8CA7F1009171BA /* SignInVC.swift in Sources */ = {isa = PBXBuildFile; fileRef = BEEA40642C8CA7F0009171BA /* SignInVC.swift */; };
		BEEA40672C8CA7F1009171BA /* SignInVC.xib in Resources */ = {isa = PBXBuildFile; fileRef = BEEA40652C8CA7F0009171BA /* SignInVC.xib */; };
		BEEA40692C8CAAAC009171BA /* TextFieldHelper.swift in Sources */ = {isa = PBXBuildFile; fileRef = BEEA40682C8CAAAB009171BA /* TextFieldHelper.swift */; };
		BEEA406C2C8CC063009171BA /* TimeOutVC.swift in Sources */ = {isa = PBXBuildFile; fileRef = BEEA406A2C8CC063009171BA /* TimeOutVC.swift */; };
		BEEA406D2C8CC063009171BA /* TimeOutVC.xib in Resources */ = {isa = PBXBuildFile; fileRef = BEEA406B2C8CC063009171BA /* TimeOutVC.xib */; };
/* End PBXBuildFile section */

/* Begin PBXCopyFilesBuildPhase section */
		BE5D74C92C8B44B000054A6A /* Embed Frameworks */ = {
			isa = PBXCopyFilesBuildPhase;
			buildActionMask = 2147483647;
			dstPath = "";
			dstSubfolderSpec = 10;
			files = (
				BE5D74C82C8B44B000054A6A /* Pods_Speedo_Transfer.framework in Embed Frameworks */,
			);
			name = "Embed Frameworks";
			runOnlyForDeploymentPostprocessing = 0;
		};
/* End PBXCopyFilesBuildPhase section */

/* Begin PBXFileReference section */
		3E883F68ECDC8C8B6C921A23 /* Pods-Speedo Transfer.debug.xcconfig */ = {isa = PBXFileReference; includeInIndex = 1; lastKnownFileType = text.xcconfig; name = "Pods-Speedo Transfer.debug.xcconfig"; path = "Target Support Files/Pods-Speedo Transfer/Pods-Speedo Transfer.debug.xcconfig"; sourceTree = "<group>"; };
		9C3CF58790C7F9AF4DDEA4FC /* Pods-Speedo Transfer.release.xcconfig */ = {isa = PBXFileReference; includeInIndex = 1; lastKnownFileType = text.xcconfig; name = "Pods-Speedo Transfer.release.xcconfig"; path = "Target Support Files/Pods-Speedo Transfer/Pods-Speedo Transfer.release.xcconfig"; sourceTree = "<group>"; };
		BE03362E2C8CCBDA00445276 /* AuthenticationPresenter.swift */ = {isa = PBXFileReference; lastKnownFileType = sourcecode.swift; path = AuthenticationPresenter.swift; sourceTree = "<group>"; };
		BE0336302C8CCC3300445276 /* AuthenticationProtocol.swift */ = {isa = PBXFileReference; lastKnownFileType = sourcecode.swift; path = AuthenticationProtocol.swift; sourceTree = "<group>"; };
		BE590F302C8F4CF2008387B9 /* FirstScreenVC.swift */ = {isa = PBXFileReference; lastKnownFileType = sourcecode.swift; path = FirstScreenVC.swift; sourceTree = "<group>"; };
		BE590F312C8F4CF2008387B9 /* FirstScreenVC.xib */ = {isa = PBXFileReference; lastKnownFileType = file.xib; path = FirstScreenVC.xib; sourceTree = "<group>"; };
		BE590F342C8F4D18008387B9 /* SecondScreenVC.swift */ = {isa = PBXFileReference; lastKnownFileType = sourcecode.swift; path = SecondScreenVC.swift; sourceTree = "<group>"; };
		BE590F352C8F4D18008387B9 /* SecondScreenVC.xib */ = {isa = PBXFileReference; lastKnownFileType = file.xib; path = SecondScreenVC.xib; sourceTree = "<group>"; };
		BE590F382C8F4D37008387B9 /* ThirdScreenVC.swift */ = {isa = PBXFileReference; lastKnownFileType = sourcecode.swift; path = ThirdScreenVC.swift; sourceTree = "<group>"; };
		BE590F392C8F4D37008387B9 /* ThirdScreenVC.xib */ = {isa = PBXFileReference; lastKnownFileType = file.xib; path = ThirdScreenVC.xib; sourceTree = "<group>"; };
		BE5B8B922C8DBBF700092BF0 /* ErrorInternetConnection.swift */ = {isa = PBXFileReference; lastKnownFileType = sourcecode.swift; path = ErrorInternetConnection.swift; sourceTree = "<group>"; };
		BE5B8B932C8DBBF800092BF0 /* ErrorInternetConnection.xib */ = {isa = PBXFileReference; lastKnownFileType = file.xib; path = ErrorInternetConnection.xib; sourceTree = "<group>"; };
		BE5B8B962C8DBC1F00092BF0 /* ErrorServer.swift */ = {isa = PBXFileReference; lastKnownFileType = sourcecode.swift; path = ErrorServer.swift; sourceTree = "<group>"; };
		BE5B8B972C8DBC2000092BF0 /* ErrorServer.xib */ = {isa = PBXFileReference; lastKnownFileType = file.xib; path = ErrorServer.xib; sourceTree = "<group>"; };
		BE96450F2C8B4D3F0017201F /* APIManager.swift */ = {isa = PBXFileReference; lastKnownFileType = sourcecode.swift; path = APIManager.swift; sourceTree = "<group>"; };
		BE9645132C8B4E1C0017201F /* SignUpBasicInfoVC.swift */ = {isa = PBXFileReference; lastKnownFileType = sourcecode.swift; path = SignUpBasicInfoVC.swift; sourceTree = "<group>"; };
		BE9645142C8B4E1C0017201F /* SignUpBasicInfoVC.xib */ = {isa = PBXFileReference; lastKnownFileType = file.xib; path = SignUpBasicInfoVC.xib; sourceTree = "<group>"; };
		BE9645182C8B4EDF0017201F /* AppManager.swift */ = {isa = PBXFileReference; lastKnownFileType = sourcecode.swift; path = AppManager.swift; sourceTree = "<group>"; };
		BE96451A2C8B53CA0017201F /* UIColor+Gradient.swift */ = {isa = PBXFileReference; lastKnownFileType = sourcecode.swift; path = "UIColor+Gradient.swift"; sourceTree = "<group>"; };
		BE96451C2C8B82250017201F /* SignUpAdditionalInfoVC.swift */ = {isa = PBXFileReference; lastKnownFileType = sourcecode.swift; path = SignUpAdditionalInfoVC.swift; sourceTree = "<group>"; };
		BE96451D2C8B82250017201F /* SignUpAdditionalInfoVC.xib */ = {isa = PBXFileReference; lastKnownFileType = file.xib; path = SignUpAdditionalInfoVC.xib; sourceTree = "<group>"; };
		BEC2FC942C8EF7EE00CCF8DD /* HomeVC.swift */ = {isa = PBXFileReference; lastKnownFileType = sourcecode.swift; path = HomeVC.swift; sourceTree = "<group>"; };
		BEC2FC952C8EF7EE00CCF8DD /* HomeVC.xib */ = {isa = PBXFileReference; lastKnownFileType = file.xib; path = HomeVC.xib; sourceTree = "<group>"; };
		BEC2FC982C8EF86000CCF8DD /* TransferVC.swift */ = {isa = PBXFileReference; lastKnownFileType = sourcecode.swift; path = TransferVC.swift; sourceTree = "<group>"; };
		BEC2FC992C8EF86000CCF8DD /* TransferVC.xib */ = {isa = PBXFileReference; lastKnownFileType = file.xib; path = TransferVC.xib; sourceTree = "<group>"; };
		BEC2FC9C2C8EF89900CCF8DD /* TransactionsVC.swift */ = {isa = PBXFileReference; lastKnownFileType = sourcecode.swift; path = TransactionsVC.swift; sourceTree = "<group>"; };
		BEC2FC9D2C8EF89900CCF8DD /* TransactionsVC.xib */ = {isa = PBXFileReference; lastKnownFileType = file.xib; path = TransactionsVC.xib; sourceTree = "<group>"; };
		BEC2FCA02C8EF8EF00CCF8DD /* MoreVC.swift */ = {isa = PBXFileReference; lastKnownFileType = sourcecode.swift; path = MoreVC.swift; sourceTree = "<group>"; };
		BEC2FCA12C8EF8EF00CCF8DD /* MoreVC.xib */ = {isa = PBXFileReference; lastKnownFileType = file.xib; path = MoreVC.xib; sourceTree = "<group>"; };
		BEC2FCA42C8EFB4600CCF8DD /* TabBarController.swift */ = {isa = PBXFileReference; lastKnownFileType = sourcecode.swift; path = TabBarController.swift; sourceTree = "<group>"; };
		BEC2FCA72C8EFDD700CCF8DD /* MyCardsVC.swift */ = {isa = PBXFileReference; lastKnownFileType = sourcecode.swift; path = MyCardsVC.swift; sourceTree = "<group>"; };
		BEC2FCA82C8EFDD700CCF8DD /* MyCardsVC.xib */ = {isa = PBXFileReference; lastKnownFileType = file.xib; path = MyCardsVC.xib; sourceTree = "<group>"; };
		BECC04B12C8CDCB20087D59A /* UIViewController+Alert+Toggle+SetUpScreen.swift */ = {isa = PBXFileReference; lastKnownFileType = sourcecode.swift; path = "UIViewController+Alert+Toggle+SetUpScreen.swift"; sourceTree = "<group>"; };
		BECC04B32C8CDCC70087D59A /* String+Trim.swift */ = {isa = PBXFileReference; lastKnownFileType = sourcecode.swift; path = "String+Trim.swift"; sourceTree = "<group>"; };
		BED3C7C72C8AF662005DA505 /* Speedo Transfer.app */ = {isa = PBXFileReference; explicitFileType = wrapper.application; includeInIndex = 0; path = "Speedo Transfer.app"; sourceTree = BUILT_PRODUCTS_DIR; };
		BED3C7CA2C8AF662005DA505 /* AppDelegate.swift */ = {isa = PBXFileReference; lastKnownFileType = sourcecode.swift; path = AppDelegate.swift; sourceTree = "<group>"; };
		BED3C7D42C8AF662005DA505 /* Speedo_Transfer.xcdatamodel */ = {isa = PBXFileReference; lastKnownFileType = wrapper.xcdatamodel; path = Speedo_Transfer.xcdatamodel; sourceTree = "<group>"; };
		BED3C7D62C8AF664005DA505 /* Assets.xcassets */ = {isa = PBXFileReference; lastKnownFileType = folder.assetcatalog; path = Assets.xcassets; sourceTree = "<group>"; };
		BED3C7D92C8AF664005DA505 /* Base */ = {isa = PBXFileReference; lastKnownFileType = file.storyboard; name = Base; path = Base.lproj/LaunchScreen.storyboard; sourceTree = "<group>"; };
		BED3C7DB2C8AF664005DA505 /* Info.plist */ = {isa = PBXFileReference; lastKnownFileType = text.plist.xml; path = Info.plist; sourceTree = "<group>"; };
		BED556012C8F7E960091476E /* transactionCell.swift */ = {isa = PBXFileReference; lastKnownFileType = sourcecode.swift; path = transactionCell.swift; sourceTree = "<group>"; };
		BED556022C8F7E960091476E /* transactionCell.xib */ = {isa = PBXFileReference; lastKnownFileType = file.xib; path = transactionCell.xib; sourceTree = "<group>"; };
		BEEA40642C8CA7F0009171BA /* SignInVC.swift */ = {isa = PBXFileReference; lastKnownFileType = sourcecode.swift; path = SignInVC.swift; sourceTree = "<group>"; };
		BEEA40652C8CA7F0009171BA /* SignInVC.xib */ = {isa = PBXFileReference; lastKnownFileType = file.xib; path = SignInVC.xib; sourceTree = "<group>"; };
		BEEA40682C8CAAAB009171BA /* TextFieldHelper.swift */ = {isa = PBXFileReference; lastKnownFileType = sourcecode.swift; path = TextFieldHelper.swift; sourceTree = "<group>"; };
		BEEA406A2C8CC063009171BA /* TimeOutVC.swift */ = {isa = PBXFileReference; lastKnownFileType = sourcecode.swift; path = TimeOutVC.swift; sourceTree = "<group>"; };
		BEEA406B2C8CC063009171BA /* TimeOutVC.xib */ = {isa = PBXFileReference; lastKnownFileType = file.xib; path = TimeOutVC.xib; sourceTree = "<group>"; };
		CA466222A5BEEEA82A35D197 /* Pods_Speedo_Transfer.framework */ = {isa = PBXFileReference; explicitFileType = wrapper.framework; includeInIndex = 0; path = Pods_Speedo_Transfer.framework; sourceTree = BUILT_PRODUCTS_DIR; };
/* End PBXFileReference section */

/* Begin PBXFrameworksBuildPhase section */
		BED3C7C42C8AF660005DA505 /* Frameworks */ = {
			isa = PBXFrameworksBuildPhase;
			buildActionMask = 2147483647;
			files = (
				BE5D74C72C8B44B000054A6A /* Pods_Speedo_Transfer.framework in Frameworks */,
			);
			runOnlyForDeploymentPostprocessing = 0;
		};
/* End PBXFrameworksBuildPhase section */

/* Begin PBXGroup section */
		642997D6C6944AD65A07D691 /* Frameworks */ = {
			isa = PBXGroup;
			children = (
				CA466222A5BEEEA82A35D197 /* Pods_Speedo_Transfer.framework */,
			);
			name = Frameworks;
			sourceTree = "<group>";
		};
		B483F47AB87C50E77B8AE225 /* Pods */ = {
			isa = PBXGroup;
			children = (
				3E883F68ECDC8C8B6C921A23 /* Pods-Speedo Transfer.debug.xcconfig */,
				9C3CF58790C7F9AF4DDEA4FC /* Pods-Speedo Transfer.release.xcconfig */,
			);
			path = Pods;
			sourceTree = "<group>";
		};
		BE590F2F2C8F4CC2008387B9 /* OnBoarding */ = {
			isa = PBXGroup;
			children = (
				BE590F302C8F4CF2008387B9 /* FirstScreenVC.swift */,
				BE590F312C8F4CF2008387B9 /* FirstScreenVC.xib */,
				BE590F342C8F4D18008387B9 /* SecondScreenVC.swift */,
				BE590F352C8F4D18008387B9 /* SecondScreenVC.xib */,
				BE590F382C8F4D37008387B9 /* ThirdScreenVC.swift */,
				BE590F392C8F4D37008387B9 /* ThirdScreenVC.xib */,
			);
			path = OnBoarding;
			sourceTree = "<group>";
		};
		BE5D74C62C8B44B000054A6A /* Shared */ = {
			isa = PBXGroup;
			children = (
				BED3C7CA2C8AF662005DA505 /* AppDelegate.swift */,
			);
			path = Shared;
			sourceTree = "<group>";
		};
		BE5D74CA2C8B44B000054A6A /* Model */ = {
			isa = PBXGroup;
			children = (
			);
			path = Model;
			sourceTree = "<group>";
		};
		BE5D74CB2C8B44B000054A6A /* View */ = {
			isa = PBXGroup;
			children = (
				BE590F2F2C8F4CC2008387B9 /* OnBoarding */,
				BEC2FCA62C8EFDAF00CCF8DD /* MyCards */,
				BE5D74CD2C8B44B000054A6A /* Authentication */,
				BE5D74D12C8B4B4800054A6A /* Error */,
				BE5D74CF2C8B4B0E00054A6A /* More */,
				BE5D74D02C8B4B1E00054A6A /* Notifications */,
				BE5D74D32C8B4B5F00054A6A /* Profile */,
				BE5D74D22C8B4B5300054A6A /* Transactions */,
				BE5D74CE2C8B4B0200054A6A /* Transfer */,
				BEC2FCA42C8EFB4600CCF8DD /* TabBarController.swift */,
			);
			path = View;
			sourceTree = "<group>";
		};
		BE5D74CC2C8B44B000054A6A /* Presenter */ = {
			isa = PBXGroup;
			children = (
				BE03362E2C8CCBDA00445276 /* AuthenticationPresenter.swift */,
			);
			path = Presenter;
			sourceTree = "<group>";
		};
		BE5D74CD2C8B44B000054A6A /* Authentication */ = {
			isa = PBXGroup;
			children = (
				BE9645132C8B4E1C0017201F /* SignUpBasicInfoVC.swift */,
				BE9645142C8B4E1C0017201F /* SignUpBasicInfoVC.xib */,
				BE96451C2C8B82250017201F /* SignUpAdditionalInfoVC.swift */,
				BE96451D2C8B82250017201F /* SignUpAdditionalInfoVC.xib */,
				BEEA40642C8CA7F0009171BA /* SignInVC.swift */,
				BEEA40652C8CA7F0009171BA /* SignInVC.xib */,
				BEEA406A2C8CC063009171BA /* TimeOutVC.swift */,
				BEEA406B2C8CC063009171BA /* TimeOutVC.xib */,
			);
			path = Authentication;
			sourceTree = "<group>";
		};
		BE5D74CE2C8B4B0200054A6A /* Transfer */ = {
			isa = PBXGroup;
			children = (
				BEC2FC942C8EF7EE00CCF8DD /* HomeVC.swift */,
				BEC2FC952C8EF7EE00CCF8DD /* HomeVC.xib */,
				BEC2FC982C8EF86000CCF8DD /* TransferVC.swift */,
				BEC2FC992C8EF86000CCF8DD /* TransferVC.xib */,
				BED556012C8F7E960091476E /* transactionCell.swift */,
				BED556022C8F7E960091476E /* transactionCell.xib */,
			);
			path = Transfer;
			sourceTree = "<group>";
		};
		BE5D74CF2C8B4B0E00054A6A /* More */ = {
			isa = PBXGroup;
			children = (
				BEC2FCA02C8EF8EF00CCF8DD /* MoreVC.swift */,
				BEC2FCA12C8EF8EF00CCF8DD /* MoreVC.xib */,
			);
			path = More;
			sourceTree = "<group>";
		};
		BE5D74D02C8B4B1E00054A6A /* Notifications */ = {
			isa = PBXGroup;
			children = (
			);
			path = Notifications;
			sourceTree = "<group>";
		};
		BE5D74D12C8B4B4800054A6A /* Error */ = {
			isa = PBXGroup;
			children = (
				BE5B8B922C8DBBF700092BF0 /* ErrorInternetConnection.swift */,
				BE5B8B932C8DBBF800092BF0 /* ErrorInternetConnection.xib */,
				BE5B8B962C8DBC1F00092BF0 /* ErrorServer.swift */,
				BE5B8B972C8DBC2000092BF0 /* ErrorServer.xib */,
			);
			path = Error;
			sourceTree = "<group>";
		};
		BE5D74D22C8B4B5300054A6A /* Transactions */ = {
			isa = PBXGroup;
			children = (
				BEC2FC9C2C8EF89900CCF8DD /* TransactionsVC.swift */,
				BEC2FC9D2C8EF89900CCF8DD /* TransactionsVC.xib */,
			);
			path = Transactions;
			sourceTree = "<group>";
		};
		BE5D74D32C8B4B5F00054A6A /* Profile */ = {
			isa = PBXGroup;
			children = (
			);
			path = Profile;
			sourceTree = "<group>";
		};
		BE5D74D42C8B4B8200054A6A /* Resources */ = {
			isa = PBXGroup;
			children = (
				BE5D74D52C8B4BBA00054A6A /* Images */,
				BE96450D2C8B4D080017201F /* LocalStorage */,
				BE5D74D62C8B4BCE00054A6A /* Storyboards */,
			);
			path = Resources;
			sourceTree = "<group>";
		};
		BE5D74D52C8B4BBA00054A6A /* Images */ = {
			isa = PBXGroup;
			children = (
				BED3C7D62C8AF664005DA505 /* Assets.xcassets */,
			);
			path = Images;
			sourceTree = "<group>";
		};
		BE5D74D62C8B4BCE00054A6A /* Storyboards */ = {
			isa = PBXGroup;
			children = (
				BED3C7D82C8AF664005DA505 /* LaunchScreen.storyboard */,
			);
			path = Storyboards;
			sourceTree = "<group>";
		};
		BE96450D2C8B4D080017201F /* LocalStorage */ = {
			isa = PBXGroup;
			children = (
				BED3C7D32C8AF662005DA505 /* Speedo_Transfer.xcdatamodeld */,
			);
			path = LocalStorage;
			sourceTree = "<group>";
		};
		BE96450E2C8B4D290017201F /* Networking */ = {
			isa = PBXGroup;
			children = (
				BE96450F2C8B4D3F0017201F /* APIManager.swift */,
			);
			path = Networking;
			sourceTree = "<group>";
		};
		BE9645112C8B4D680017201F /* Extensions */ = {
			isa = PBXGroup;
			children = (
				BE96451A2C8B53CA0017201F /* UIColor+Gradient.swift */,
				BECC04B12C8CDCB20087D59A /* UIViewController+Alert+Toggle+SetUpScreen.swift */,
				BECC04B32C8CDCC70087D59A /* String+Trim.swift */,
			);
			path = Extensions;
			sourceTree = "<group>";
		};
		BE9645122C8B4D730017201F /* Utilities */ = {
			isa = PBXGroup;
			children = (
			);
			path = Utilities;
			sourceTree = "<group>";
		};
		BE9645172C8B4E6D0017201F /* Manager */ = {
			isa = PBXGroup;
			children = (
				BE9645182C8B4EDF0017201F /* AppManager.swift */,
			);
			path = Manager;
			sourceTree = "<group>";
		};
		BEC2FCA62C8EFDAF00CCF8DD /* MyCards */ = {
			isa = PBXGroup;
			children = (
				BEC2FCA72C8EFDD700CCF8DD /* MyCardsVC.swift */,
				BEC2FCA82C8EFDD700CCF8DD /* MyCardsVC.xib */,
			);
			path = MyCards;
			sourceTree = "<group>";
		};
		BECC04B52C8CDCC70087D59A /* Helpers */ = {
			isa = PBXGroup;
			children = (
				BEEA40682C8CAAAB009171BA /* TextFieldHelper.swift */,
				BE0336302C8CCC3300445276 /* AuthenticationProtocol.swift */,
			);
			path = Helpers;
			sourceTree = "<group>";
		};
		BED3C7BE2C8AF660005DA505 = {
			isa = PBXGroup;
			children = (
				BED3C7C92C8AF662005DA505 /* Speedo Transfer */,
				BED3C7C82C8AF662005DA505 /* Products */,
				B483F47AB87C50E77B8AE225 /* Pods */,
				642997D6C6944AD65A07D691 /* Frameworks */,
			);
			sourceTree = "<group>";
		};
		BED3C7C82C8AF662005DA505 /* Products */ = {
			isa = PBXGroup;
			children = (
				BED3C7C72C8AF662005DA505 /* Speedo Transfer.app */,
			);
			name = Products;
			sourceTree = "<group>";
		};
		BED3C7C92C8AF662005DA505 /* Speedo Transfer */ = {
			isa = PBXGroup;
			children = (
				BECC04B52C8CDCC70087D59A /* Helpers */,
				BE5D74CA2C8B44B000054A6A /* Model */,
				BE5D74CB2C8B44B000054A6A /* View */,
				BE5D74CC2C8B44B000054A6A /* Presenter */,
				BE5D74C62C8B44B000054A6A /* Shared */,
				BE9645172C8B4E6D0017201F /* Manager */,
				BE5D74D42C8B4B8200054A6A /* Resources */,
				BE9645122C8B4D730017201F /* Utilities */,
				BE9645112C8B4D680017201F /* Extensions */,
				BE96450E2C8B4D290017201F /* Networking */,
				BED3C7DB2C8AF664005DA505 /* Info.plist */,
			);
			path = "Speedo Transfer";
			sourceTree = "<group>";
		};
/* End PBXGroup section */

/* Begin PBXNativeTarget section */
		BED3C7C62C8AF660005DA505 /* Speedo Transfer */ = {
			isa = PBXNativeTarget;
			buildConfigurationList = BED3C7DE2C8AF664005DA505 /* Build configuration list for PBXNativeTarget "Speedo Transfer" */;
			buildPhases = (
				F59843FFADD20F6A5D485D91 /* [CP] Check Pods Manifest.lock */,
				BED3C7C32C8AF660005DA505 /* Sources */,
				BED3C7C42C8AF660005DA505 /* Frameworks */,
				BED3C7C52C8AF660005DA505 /* Resources */,
				5420ED6B19C77775EB313B60 /* [CP] Embed Pods Frameworks */,
				BE5D74C92C8B44B000054A6A /* Embed Frameworks */,
			);
			buildRules = (
			);
			dependencies = (
			);
			name = "Speedo Transfer";
			productName = "Speedo Transfer";
			productReference = BED3C7C72C8AF662005DA505 /* Speedo Transfer.app */;
			productType = "com.apple.product-type.application";
		};
/* End PBXNativeTarget section */

/* Begin PBXProject section */
		BED3C7BF2C8AF660005DA505 /* Project object */ = {
			isa = PBXProject;
			attributes = {
				BuildIndependentTargetsInParallel = 1;
				LastSwiftUpdateCheck = 1340;
				LastUpgradeCheck = 1340;
				TargetAttributes = {
					BED3C7C62C8AF660005DA505 = {
						CreatedOnToolsVersion = 13.4.1;
					};
				};
			};
			buildConfigurationList = BED3C7C22C8AF660005DA505 /* Build configuration list for PBXProject "Speedo Transfer" */;
			compatibilityVersion = "Xcode 13.0";
			developmentRegion = en;
			hasScannedForEncodings = 0;
			knownRegions = (
				en,
				Base,
			);
			mainGroup = BED3C7BE2C8AF660005DA505;
			productRefGroup = BED3C7C82C8AF662005DA505 /* Products */;
			projectDirPath = "";
			projectRoot = "";
			targets = (
				BED3C7C62C8AF660005DA505 /* Speedo Transfer */,
			);
		};
/* End PBXProject section */

/* Begin PBXResourcesBuildPhase section */
		BED3C7C52C8AF660005DA505 /* Resources */ = {
			isa = PBXResourcesBuildPhase;
			buildActionMask = 2147483647;
			files = (
				BEEA406D2C8CC063009171BA /* TimeOutVC.xib in Resources */,
				BEC2FC9B2C8EF86000CCF8DD /* TransferVC.xib in Resources */,
				BE5B8B952C8DBBF800092BF0 /* ErrorInternetConnection.xib in Resources */,
				BE5B8B992C8DBC2000092BF0 /* ErrorServer.xib in Resources */,
				BED556042C8F7E960091476E /* transactionCell.xib in Resources */,
				BEC2FC9F2C8EF89900CCF8DD /* TransactionsVC.xib in Resources */,
				BEEA40672C8CA7F1009171BA /* SignInVC.xib in Resources */,
				BE590F3B2C8F4D37008387B9 /* ThirdScreenVC.xib in Resources */,
				BEC2FC972C8EF7EE00CCF8DD /* HomeVC.xib in Resources */,
				BEC2FCA32C8EF8F000CCF8DD /* MoreVC.xib in Resources */,
				BED3C7DA2C8AF664005DA505 /* LaunchScreen.storyboard in Resources */,
				BE9645162C8B4E1D0017201F /* SignUpBasicInfoVC.xib in Resources */,
				BED3C7D72C8AF664005DA505 /* Assets.xcassets in Resources */,
				BE590F332C8F4CF3008387B9 /* FirstScreenVC.xib in Resources */,
				BE96451F2C8B82250017201F /* SignUpAdditionalInfoVC.xib in Resources */,
				BEC2FCAA2C8EFDD800CCF8DD /* MyCardsVC.xib in Resources */,
				BE590F372C8F4D18008387B9 /* SecondScreenVC.xib in Resources */,
			);
			runOnlyForDeploymentPostprocessing = 0;
		};
/* End PBXResourcesBuildPhase section */

/* Begin PBXShellScriptBuildPhase section */
		5420ED6B19C77775EB313B60 /* [CP] Embed Pods Frameworks */ = {
			isa = PBXShellScriptBuildPhase;
			buildActionMask = 2147483647;
			files = (
			);
			inputFileListPaths = (
				"${PODS_ROOT}/Target Support Files/Pods-Speedo Transfer/Pods-Speedo Transfer-frameworks-${CONFIGURATION}-input-files.xcfilelist",
			);
			name = "[CP] Embed Pods Frameworks";
			outputFileListPaths = (
				"${PODS_ROOT}/Target Support Files/Pods-Speedo Transfer/Pods-Speedo Transfer-frameworks-${CONFIGURATION}-output-files.xcfilelist",
			);
			runOnlyForDeploymentPostprocessing = 0;
			shellPath = /bin/sh;
			shellScript = "\"${PODS_ROOT}/Target Support Files/Pods-Speedo Transfer/Pods-Speedo Transfer-frameworks.sh\"\n";
			showEnvVarsInLog = 0;
		};
		F59843FFADD20F6A5D485D91 /* [CP] Check Pods Manifest.lock */ = {
			isa = PBXShellScriptBuildPhase;
			buildActionMask = 2147483647;
			files = (
			);
			inputFileListPaths = (
			);
			inputPaths = (
				"${PODS_PODFILE_DIR_PATH}/Podfile.lock",
				"${PODS_ROOT}/Manifest.lock",
			);
			name = "[CP] Check Pods Manifest.lock";
			outputFileListPaths = (
			);
			outputPaths = (
				"$(DERIVED_FILE_DIR)/Pods-Speedo Transfer-checkManifestLockResult.txt",
			);
			runOnlyForDeploymentPostprocessing = 0;
			shellPath = /bin/sh;
			shellScript = "diff \"${PODS_PODFILE_DIR_PATH}/Podfile.lock\" \"${PODS_ROOT}/Manifest.lock\" > /dev/null\nif [ $? != 0 ] ; then\n    # print error to STDERR\n    echo \"error: The sandbox is not in sync with the Podfile.lock. Run 'pod install' or update your CocoaPods installation.\" >&2\n    exit 1\nfi\n# This output is used by Xcode 'outputs' to avoid re-running this script phase.\necho \"SUCCESS\" > \"${SCRIPT_OUTPUT_FILE_0}\"\n";
			showEnvVarsInLog = 0;
		};
/* End PBXShellScriptBuildPhase section */

/* Begin PBXSourcesBuildPhase section */
		BED3C7C32C8AF660005DA505 /* Sources */ = {
			isa = PBXSourcesBuildPhase;
			buildActionMask = 2147483647;
			files = (
				BE9645102C8B4D3F0017201F /* APIManager.swift in Sources */,
				BE96451B2C8B53CA0017201F /* UIColor+Gradient.swift in Sources */,
				BECC04B42C8CDCC70087D59A /* String+Trim.swift in Sources */,
				BEEA40692C8CAAAC009171BA /* TextFieldHelper.swift in Sources */,
				BE590F362C8F4D18008387B9 /* SecondScreenVC.swift in Sources */,
				BE03362F2C8CCBDB00445276 /* AuthenticationPresenter.swift in Sources */,
				BE590F3A2C8F4D37008387B9 /* ThirdScreenVC.swift in Sources */,
				BEC2FC962C8EF7EE00CCF8DD /* HomeVC.swift in Sources */,
				BECC04B22C8CDCB20087D59A /* UIViewController+Alert+Toggle+SetUpScreen.swift in Sources */,
				BEC2FC9E2C8EF89900CCF8DD /* TransactionsVC.swift in Sources */,
				BEC2FCA92C8EFDD700CCF8DD /* MyCardsVC.swift in Sources */,
				BEC2FC9A2C8EF86000CCF8DD /* TransferVC.swift in Sources */,
				BE5B8B982C8DBC2000092BF0 /* ErrorServer.swift in Sources */,
				BEEA40662C8CA7F1009171BA /* SignInVC.swift in Sources */,
				BE9645192C8B4EE00017201F /* AppManager.swift in Sources */,
				BED3C7D52C8AF662005DA505 /* Speedo_Transfer.xcdatamodeld in Sources */,
				BE96451E2C8B82250017201F /* SignUpAdditionalInfoVC.swift in Sources */,
				BED3C7CB2C8AF662005DA505 /* AppDelegate.swift in Sources */,
				BED556032C8F7E960091476E /* transactionCell.swift in Sources */,
				BE590F322C8F4CF3008387B9 /* FirstScreenVC.swift in Sources */,
				BEEA406C2C8CC063009171BA /* TimeOutVC.swift in Sources */,
				BE9645152C8B4E1D0017201F /* SignUpBasicInfoVC.swift in Sources */,
				BE0336312C8CCC3400445276 /* AuthenticationProtocol.swift in Sources */,
				BEC2FCA52C8EFB4700CCF8DD /* TabBarController.swift in Sources */,
				BE5B8B942C8DBBF800092BF0 /* ErrorInternetConnection.swift in Sources */,
				BEC2FCA22C8EF8F000CCF8DD /* MoreVC.swift in Sources */,
			);
			runOnlyForDeploymentPostprocessing = 0;
		};
/* End PBXSourcesBuildPhase section */

/* Begin PBXVariantGroup section */
		BED3C7D82C8AF664005DA505 /* LaunchScreen.storyboard */ = {
			isa = PBXVariantGroup;
			children = (
				BED3C7D92C8AF664005DA505 /* Base */,
			);
			name = LaunchScreen.storyboard;
			sourceTree = "<group>";
		};
/* End PBXVariantGroup section */

/* Begin XCBuildConfiguration section */
		BED3C7DC2C8AF664005DA505 /* Debug */ = {
			isa = XCBuildConfiguration;
			buildSettings = {
				ALWAYS_SEARCH_USER_PATHS = NO;
				CLANG_ANALYZER_NONNULL = YES;
				CLANG_ANALYZER_NUMBER_OBJECT_CONVERSION = YES_AGGRESSIVE;
				CLANG_CXX_LANGUAGE_STANDARD = "gnu++17";
				CLANG_ENABLE_MODULES = YES;
				CLANG_ENABLE_OBJC_ARC = YES;
				CLANG_ENABLE_OBJC_WEAK = YES;
				CLANG_WARN_BLOCK_CAPTURE_AUTORELEASING = YES;
				CLANG_WARN_BOOL_CONVERSION = YES;
				CLANG_WARN_COMMA = YES;
				CLANG_WARN_CONSTANT_CONVERSION = YES;
				CLANG_WARN_DEPRECATED_OBJC_IMPLEMENTATIONS = YES;
				CLANG_WARN_DIRECT_OBJC_ISA_USAGE = YES_ERROR;
				CLANG_WARN_DOCUMENTATION_COMMENTS = YES;
				CLANG_WARN_EMPTY_BODY = YES;
				CLANG_WARN_ENUM_CONVERSION = YES;
				CLANG_WARN_INFINITE_RECURSION = YES;
				CLANG_WARN_INT_CONVERSION = YES;
				CLANG_WARN_NON_LITERAL_NULL_CONVERSION = YES;
				CLANG_WARN_OBJC_IMPLICIT_RETAIN_SELF = YES;
				CLANG_WARN_OBJC_LITERAL_CONVERSION = YES;
				CLANG_WARN_OBJC_ROOT_CLASS = YES_ERROR;
				CLANG_WARN_QUOTED_INCLUDE_IN_FRAMEWORK_HEADER = YES;
				CLANG_WARN_RANGE_LOOP_ANALYSIS = YES;
				CLANG_WARN_STRICT_PROTOTYPES = YES;
				CLANG_WARN_SUSPICIOUS_MOVE = YES;
				CLANG_WARN_UNGUARDED_AVAILABILITY = YES_AGGRESSIVE;
				CLANG_WARN_UNREACHABLE_CODE = YES;
				CLANG_WARN__DUPLICATE_METHOD_MATCH = YES;
				COPY_PHASE_STRIP = NO;
				DEBUG_INFORMATION_FORMAT = dwarf;
				ENABLE_STRICT_OBJC_MSGSEND = YES;
				ENABLE_TESTABILITY = YES;
				GCC_C_LANGUAGE_STANDARD = gnu11;
				GCC_DYNAMIC_NO_PIC = NO;
				GCC_NO_COMMON_BLOCKS = YES;
				GCC_OPTIMIZATION_LEVEL = 0;
				GCC_PREPROCESSOR_DEFINITIONS = (
					"DEBUG=1",
					"$(inherited)",
				);
				GCC_WARN_64_TO_32_BIT_CONVERSION = YES;
				GCC_WARN_ABOUT_RETURN_TYPE = YES_ERROR;
				GCC_WARN_UNDECLARED_SELECTOR = YES;
				GCC_WARN_UNINITIALIZED_AUTOS = YES_AGGRESSIVE;
				GCC_WARN_UNUSED_FUNCTION = YES;
				GCC_WARN_UNUSED_VARIABLE = YES;
				IPHONEOS_DEPLOYMENT_TARGET = 15.5;
				MTL_ENABLE_DEBUG_INFO = INCLUDE_SOURCE;
				MTL_FAST_MATH = YES;
				ONLY_ACTIVE_ARCH = YES;
				SDKROOT = iphoneos;
				SWIFT_ACTIVE_COMPILATION_CONDITIONS = DEBUG;
				SWIFT_OPTIMIZATION_LEVEL = "-Onone";
			};
			name = Debug;
		};
		BED3C7DD2C8AF664005DA505 /* Release */ = {
			isa = XCBuildConfiguration;
			buildSettings = {
				ALWAYS_SEARCH_USER_PATHS = NO;
				CLANG_ANALYZER_NONNULL = YES;
				CLANG_ANALYZER_NUMBER_OBJECT_CONVERSION = YES_AGGRESSIVE;
				CLANG_CXX_LANGUAGE_STANDARD = "gnu++17";
				CLANG_ENABLE_MODULES = YES;
				CLANG_ENABLE_OBJC_ARC = YES;
				CLANG_ENABLE_OBJC_WEAK = YES;
				CLANG_WARN_BLOCK_CAPTURE_AUTORELEASING = YES;
				CLANG_WARN_BOOL_CONVERSION = YES;
				CLANG_WARN_COMMA = YES;
				CLANG_WARN_CONSTANT_CONVERSION = YES;
				CLANG_WARN_DEPRECATED_OBJC_IMPLEMENTATIONS = YES;
				CLANG_WARN_DIRECT_OBJC_ISA_USAGE = YES_ERROR;
				CLANG_WARN_DOCUMENTATION_COMMENTS = YES;
				CLANG_WARN_EMPTY_BODY = YES;
				CLANG_WARN_ENUM_CONVERSION = YES;
				CLANG_WARN_INFINITE_RECURSION = YES;
				CLANG_WARN_INT_CONVERSION = YES;
				CLANG_WARN_NON_LITERAL_NULL_CONVERSION = YES;
				CLANG_WARN_OBJC_IMPLICIT_RETAIN_SELF = YES;
				CLANG_WARN_OBJC_LITERAL_CONVERSION = YES;
				CLANG_WARN_OBJC_ROOT_CLASS = YES_ERROR;
				CLANG_WARN_QUOTED_INCLUDE_IN_FRAMEWORK_HEADER = YES;
				CLANG_WARN_RANGE_LOOP_ANALYSIS = YES;
				CLANG_WARN_STRICT_PROTOTYPES = YES;
				CLANG_WARN_SUSPICIOUS_MOVE = YES;
				CLANG_WARN_UNGUARDED_AVAILABILITY = YES_AGGRESSIVE;
				CLANG_WARN_UNREACHABLE_CODE = YES;
				CLANG_WARN__DUPLICATE_METHOD_MATCH = YES;
				COPY_PHASE_STRIP = NO;
				DEBUG_INFORMATION_FORMAT = "dwarf-with-dsym";
				ENABLE_NS_ASSERTIONS = NO;
				ENABLE_STRICT_OBJC_MSGSEND = YES;
				GCC_C_LANGUAGE_STANDARD = gnu11;
				GCC_NO_COMMON_BLOCKS = YES;
				GCC_WARN_64_TO_32_BIT_CONVERSION = YES;
				GCC_WARN_ABOUT_RETURN_TYPE = YES_ERROR;
				GCC_WARN_UNDECLARED_SELECTOR = YES;
				GCC_WARN_UNINITIALIZED_AUTOS = YES_AGGRESSIVE;
				GCC_WARN_UNUSED_FUNCTION = YES;
				GCC_WARN_UNUSED_VARIABLE = YES;
				IPHONEOS_DEPLOYMENT_TARGET = 15.5;
				MTL_ENABLE_DEBUG_INFO = NO;
				MTL_FAST_MATH = YES;
				SDKROOT = iphoneos;
				SWIFT_COMPILATION_MODE = wholemodule;
				SWIFT_OPTIMIZATION_LEVEL = "-O";
				VALIDATE_PRODUCT = YES;
			};
			name = Release;
		};
		BED3C7DF2C8AF664005DA505 /* Debug */ = {
			isa = XCBuildConfiguration;
			baseConfigurationReference = 3E883F68ECDC8C8B6C921A23 /* Pods-Speedo Transfer.debug.xcconfig */;
			buildSettings = {
				ASSETCATALOG_COMPILER_APPICON_NAME = AppIcon;
				ASSETCATALOG_COMPILER_GLOBAL_ACCENT_COLOR_NAME = AccentColor;
				CODE_SIGN_STYLE = Automatic;
				CURRENT_PROJECT_VERSION = 1;
				GENERATE_INFOPLIST_FILE = YES;
				INFOPLIST_FILE = "Speedo Transfer/Info.plist";
				INFOPLIST_KEY_UIApplicationSupportsIndirectInputEvents = YES;
				INFOPLIST_KEY_UILaunchStoryboardName = LaunchScreen;
				INFOPLIST_KEY_UIMainStoryboardFile = "";
				INFOPLIST_KEY_UISupportedInterfaceOrientations_iPad = "UIInterfaceOrientationPortrait UIInterfaceOrientationPortraitUpsideDown UIInterfaceOrientationLandscapeLeft UIInterfaceOrientationLandscapeRight";
				INFOPLIST_KEY_UISupportedInterfaceOrientations_iPhone = "UIInterfaceOrientationPortrait UIInterfaceOrientationLandscapeLeft UIInterfaceOrientationLandscapeRight";
				LD_RUNPATH_SEARCH_PATHS = (
					"$(inherited)",
					"@executable_path/Frameworks",
				);
				MARKETING_VERSION = 1.0;
				PRODUCT_BUNDLE_IDENTIFIER = "com.Internship.Speedo-Transfer";
				PRODUCT_NAME = "$(TARGET_NAME)";
				SWIFT_EMIT_LOC_STRINGS = YES;
				SWIFT_VERSION = 5.0;
				TARGETED_DEVICE_FAMILY = "1,2";
			};
			name = Debug;
		};
		BED3C7E02C8AF664005DA505 /* Release */ = {
			isa = XCBuildConfiguration;
			baseConfigurationReference = 9C3CF58790C7F9AF4DDEA4FC /* Pods-Speedo Transfer.release.xcconfig */;
			buildSettings = {
				ASSETCATALOG_COMPILER_APPICON_NAME = AppIcon;
				ASSETCATALOG_COMPILER_GLOBAL_ACCENT_COLOR_NAME = AccentColor;
				CODE_SIGN_STYLE = Automatic;
				CURRENT_PROJECT_VERSION = 1;
				GENERATE_INFOPLIST_FILE = YES;
				INFOPLIST_FILE = "Speedo Transfer/Info.plist";
				INFOPLIST_KEY_UIApplicationSupportsIndirectInputEvents = YES;
				INFOPLIST_KEY_UILaunchStoryboardName = LaunchScreen;
				INFOPLIST_KEY_UIMainStoryboardFile = "";
				INFOPLIST_KEY_UISupportedInterfaceOrientations_iPad = "UIInterfaceOrientationPortrait UIInterfaceOrientationPortraitUpsideDown UIInterfaceOrientationLandscapeLeft UIInterfaceOrientationLandscapeRight";
				INFOPLIST_KEY_UISupportedInterfaceOrientations_iPhone = "UIInterfaceOrientationPortrait UIInterfaceOrientationLandscapeLeft UIInterfaceOrientationLandscapeRight";
				LD_RUNPATH_SEARCH_PATHS = (
					"$(inherited)",
					"@executable_path/Frameworks",
				);
				MARKETING_VERSION = 1.0;
				PRODUCT_BUNDLE_IDENTIFIER = "com.Internship.Speedo-Transfer";
				PRODUCT_NAME = "$(TARGET_NAME)";
				SWIFT_EMIT_LOC_STRINGS = YES;
				SWIFT_VERSION = 5.0;
				TARGETED_DEVICE_FAMILY = "1,2";
			};
			name = Release;
		};
/* End XCBuildConfiguration section */

/* Begin XCConfigurationList section */
		BED3C7C22C8AF660005DA505 /* Build configuration list for PBXProject "Speedo Transfer" */ = {
			isa = XCConfigurationList;
			buildConfigurations = (
				BED3C7DC2C8AF664005DA505 /* Debug */,
				BED3C7DD2C8AF664005DA505 /* Release */,
			);
			defaultConfigurationIsVisible = 0;
			defaultConfigurationName = Release;
		};
		BED3C7DE2C8AF664005DA505 /* Build configuration list for PBXNativeTarget "Speedo Transfer" */ = {
			isa = XCConfigurationList;
			buildConfigurations = (
				BED3C7DF2C8AF664005DA505 /* Debug */,
				BED3C7E02C8AF664005DA505 /* Release */,
			);
			defaultConfigurationIsVisible = 0;
			defaultConfigurationName = Release;
		};
/* End XCConfigurationList section */

/* Begin XCVersionGroup section */
		BED3C7D32C8AF662005DA505 /* Speedo_Transfer.xcdatamodeld */ = {
			isa = XCVersionGroup;
			children = (
				BED3C7D42C8AF662005DA505 /* Speedo_Transfer.xcdatamodel */,
			);
			currentVersion = BED3C7D42C8AF662005DA505 /* Speedo_Transfer.xcdatamodel */;
			path = Speedo_Transfer.xcdatamodeld;
			sourceTree = "<group>";
			versionGroupType = wrapper.xcdatamodel;
		};
/* End XCVersionGroup section */
	};
	rootObject = BED3C7BF2C8AF660005DA505 /* Project object */;
}
